
Microsoft Visual Studio Solution File, Format Version 12.00
# Visual Studio Version 17
VisualStudioVersion = 17.2.32616.157
MinimumVisualStudioVersion = 10.0.40219.1
Project("{FAE04EC0-301F-11D3-BF4B-00C04F79EFBC}") = "FIT5032_WEEK4_DataTable", "FIT5032_WEEK4_DataTable\FIT5032_WEEK4_DataTable.csproj", "{575B51E1-4A20-478C-A9DD-FE679B30B5D2}"
EndProject
Global
	GlobalSection(SolutionConfigurationPlatforms) = preSolution
		Debug|Any CPU = Debug|Any CPU
		Release|Any CPU = Release|Any CPU
	EndGlobalSection
	GlobalSection(ProjectConfigurationPlatforms) = postSolution
		{575B51E1-4A20-478C-A9DD-FE679B30B5D2}.Debug|Any CPU.ActiveCfg = Debug|Any CPU
		{575B51E1-4A20-478C-A9DD-FE679B30B5D2}.Debug|Any CPU.Build.0 = Debug|Any CPU
		{575B51E1-4A20-478C-A9DD-FE679B30B5D2}.Release|Any CPU.ActiveCfg = Release|Any CPU
		{575B51E1-4A20-478C-A9DD-FE679B30B5D2}.Release|Any CPU.Build.0 = Release|Any CPU
	EndGlobalSection
	GlobalSection(SolutionProperties) = preSolution
		HideSolutionNode = FALSE
	EndGlobalSection
	GlobalSection(ExtensibilityGlobals) = postSolution
		SolutionGuid = {DC0782BA-6E50-44E5-856F-4292EDB5B21A}
	EndGlobalSection
EndGlobal
